
Microsoft Visual Studio Solution File, Format Version 12.00
# Visual Studio Version 17
VisualStudioVersion = 17.2.32616.157
MinimumVisualStudioVersion = 10.0.40219.1
Project("{9A19103F-16F7-4668-BE54-9A1E7A4F7556}") = "Igalkf.Practices.GraphqlWithEfcore.EntityModel", "Igalkf.Practices.GraphqlWithEfcore.EntityModel\Igalkf.Practices.GraphqlWithEfcore.EntityModel.csproj", "{307E807A-AB3F-4F25-A1B9-CAFEF3F0C4CE}"
EndProject
Project("{FAE04EC0-301F-11D3-BF4B-00C04F79EFBC}") = "Igalkf.Practices.GraphqlWithEfcore.PersistenceModel.EntityFramework", "Igalkf.Practices.GraphqlWithEfcore.PersistenceModel.EntityFramework\Igalkf.Practices.GraphqlWithEfcore.PersistenceModel.EntityFramework.csproj", "{61D7A3F1-7D60-40AA-831C-39B2DC4B45F2}"
EndProject
Project("{9A19103F-16F7-4668-BE54-9A1E7A4F7556}") = "Igalkf.Practices.GraphqlWithEfcore.ApplicationModel", "Igalkf.Practices.GraphqlWithEfcore.ApplicationModel\Igalkf.Practices.GraphqlWithEfcore.ApplicationModel.csproj", "{8F0BF89A-422F-4156-8070-A716BF33102E}"
EndProject
Project("{9A19103F-16F7-4668-BE54-9A1E7A4F7556}") = "IgalKf.Practices.GraphqlWithEfcore.ServiceModel.Graphql", "IgalKf.Practices.GraphqlWithEfcore.ServiceModel.Graphql\IgalKf.Practices.GraphqlWithEfcore.ServiceModel.Graphql.csproj", "{364295D2-2EDE-43F3-BB55-72C9FCC75014}"
EndProject
Project("{FAE04EC0-301F-11D3-BF4B-00C04F79EFBC}") = "IgalKf.Practices.GraphqlWithEfcore.DomainModel.Cqrs", "IgalKf.Practices.GraphqlWithEfcore.DomainModel.Cqrs\IgalKf.Practices.GraphqlWithEfcore.DomainModel.Cqrs.csproj", "{AA45C3C4-E2FF-4854-9763-641E68841A13}"
EndProject
Project("{FAE04EC0-301F-11D3-BF4B-00C04F79EFBC}") = "IgalKf.Practices.GraphqlWithEfcore.DomainModel.Impl", "IgalKf.Practices.GraphqlWithEfcore.DomainModel.Impl\IgalKf.Practices.GraphqlWithEfcore.DomainModel.Impl.csproj", "{1AAE3406-1A3D-4FD7-A8EB-C40077F1A624}"
EndProject
Project("{9A19103F-16F7-4668-BE54-9A1E7A4F7556}") = "IgalKf.Practices.GraphqlWithEfcore.DomainModel", "IgalKf.Practices.GraphqlWithEfcore.DomainModel\IgalKf.Practices.GraphqlWithEfcore.DomainModel.csproj", "{A4901A16-4B58-49C3-B4EB-EFB2BE9EB412}"
EndProject
Project("{9A19103F-16F7-4668-BE54-9A1E7A4F7556}") = "IgalKf.Practices.GraphqlWithEfcore.GraphqlWebApplication", "IgalKf.Practices.GraphqlWithEfcore\IgalKf.Practices.GraphqlWithEfcore.GraphqlWebApplication.csproj", "{301C46F7-A753-4E1B-91BA-C823CAD9D852}"
EndProject
Global
	GlobalSection(SolutionConfigurationPlatforms) = preSolution
		Debug|Any CPU = Debug|Any CPU
		Release|Any CPU = Release|Any CPU
	EndGlobalSection
	GlobalSection(ProjectConfigurationPlatforms) = postSolution
		{307E807A-AB3F-4F25-A1B9-CAFEF3F0C4CE}.Debug|Any CPU.ActiveCfg = Debug|Any CPU
		{307E807A-AB3F-4F25-A1B9-CAFEF3F0C4CE}.Debug|Any CPU.Build.0 = Debug|Any CPU
		{307E807A-AB3F-4F25-A1B9-CAFEF3F0C4CE}.Release|Any CPU.ActiveCfg = Release|Any CPU
		{307E807A-AB3F-4F25-A1B9-CAFEF3F0C4CE}.Release|Any CPU.Build.0 = Release|Any CPU
		{61D7A3F1-7D60-40AA-831C-39B2DC4B45F2}.Debug|Any CPU.ActiveCfg = Debug|Any CPU
		{61D7A3F1-7D60-40AA-831C-39B2DC4B45F2}.Debug|Any CPU.Build.0 = Debug|Any CPU
		{61D7A3F1-7D60-40AA-831C-39B2DC4B45F2}.Release|Any CPU.ActiveCfg = Release|Any CPU
		{61D7A3F1-7D60-40AA-831C-39B2DC4B45F2}.Release|Any CPU.Build.0 = Release|Any CPU
		{8F0BF89A-422F-4156-8070-A716BF33102E}.Debug|Any CPU.ActiveCfg = Debug|Any CPU
		{8F0BF89A-422F-4156-8070-A716BF33102E}.Debug|Any CPU.Build.0 = Debug|Any CPU
		{8F0BF89A-422F-4156-8070-A716BF33102E}.Release|Any CPU.ActiveCfg = Release|Any CPU
		{8F0BF89A-422F-4156-8070-A716BF33102E}.Release|Any CPU.Build.0 = Release|Any CPU
		{364295D2-2EDE-43F3-BB55-72C9FCC75014}.Debug|Any CPU.ActiveCfg = Debug|Any CPU
		{364295D2-2EDE-43F3-BB55-72C9FCC75014}.Debug|Any CPU.Build.0 = Debug|Any CPU
		{364295D2-2EDE-43F3-BB55-72C9FCC75014}.Release|Any CPU.ActiveCfg = Release|Any CPU
		{364295D2-2EDE-43F3-BB55-72C9FCC75014}.Release|Any CPU.Build.0 = Release|Any CPU
		{AA45C3C4-E2FF-4854-9763-641E68841A13}.Debug|Any CPU.ActiveCfg = Debug|Any CPU
		{AA45C3C4-E2FF-4854-9763-641E68841A13}.Debug|Any CPU.Build.0 = Debug|Any CPU
		{AA45C3C4-E2FF-4854-9763-641E68841A13}.Release|Any CPU.ActiveCfg = Release|Any CPU
		{AA45C3C4-E2FF-4854-9763-641E68841A13}.Release|Any CPU.Build.0 = Release|Any CPU
		{1AAE3406-1A3D-4FD7-A8EB-C40077F1A624}.Debug|Any CPU.ActiveCfg = Debug|Any CPU
		{1AAE3406-1A3D-4FD7-A8EB-C40077F1A624}.Debug|Any CPU.Build.0 = Debug|Any CPU
		{1AAE3406-1A3D-4FD7-A8EB-C40077F1A624}.Release|Any CPU.ActiveCfg = Release|Any CPU
		{1AAE3406-1A3D-4FD7-A8EB-C40077F1A624}.Release|Any CPU.Build.0 = Release|Any CPU
		{A4901A16-4B58-49C3-B4EB-EFB2BE9EB412}.Debug|Any CPU.ActiveCfg = Debug|Any CPU
		{A4901A16-4B58-49C3-B4EB-EFB2BE9EB412}.Debug|Any CPU.Build.0 = Debug|Any CPU
		{A4901A16-4B58-49C3-B4EB-EFB2BE9EB412}.Release|Any CPU.ActiveCfg = Release|Any CPU
		{A4901A16-4B58-49C3-B4EB-EFB2BE9EB412}.Release|Any CPU.Build.0 = Release|Any CPU
		{301C46F7-A753-4E1B-91BA-C823CAD9D852}.Debug|Any CPU.ActiveCfg = Debug|Any CPU
		{301C46F7-A753-4E1B-91BA-C823CAD9D852}.Debug|Any CPU.Build.0 = Debug|Any CPU
		{301C46F7-A753-4E1B-91BA-C823CAD9D852}.Release|Any CPU.ActiveCfg = Release|Any CPU
		{301C46F7-A753-4E1B-91BA-C823CAD9D852}.Release|Any CPU.Build.0 = Release|Any CPU
	EndGlobalSection
	GlobalSection(SolutionProperties) = preSolution
		HideSolutionNode = FALSE
	EndGlobalSection
	GlobalSection(ExtensibilityGlobals) = postSolution
		SolutionGuid = {7CC5511F-D139-43D1-80B7-4E4005E30688}
	EndGlobalSection
EndGlobal
